<?xml version="1.0" encoding="utf-8"?>
<Project ToolsVersion="4.0" xmlns="http://schemas.microsoft.com/developer/msbuild/2003">
  <ItemGroup>
    <Filter Include="assets">
      <UniqueIdentifier>{67DA6AB6-F800-4c08-8B7A-83BB121AAD01}</UniqueIdentifier>
      <Extensions>rc;ico;cur;bmp;dlg;rc2;rct;bin;rgs;gif;jpg;jpeg;jpe;resx;tiff;tif;png;wav;mfcribbon-ms</Extensions>
    </Filter>
    <Filter Include="assets\fonts">
      <UniqueIdentifier>{3ffcf2ed-8938-4212-8255-87e1a007e7f7}</UniqueIdentifier>
    </Filter>
    <Filter Include="code_files">
      <UniqueIdentifier>{4FC737F1-C7A5-4376-A066-2A32D752A2FF}</UniqueIdentifier>
      <Extensions>cpp;c;cc;cxx;c++;cppm;ixx;def;odl;idl;hpj;bat;asm;asmx</Extensions>
    </Filter>
    <Filter Include="code_files\game">
      <UniqueIdentifier>{71583fff-33c4-45cc-8fb6-caf485bc7ec0}</UniqueIdentifier>
    </Filter>
    <Filter Include="Headers">
      <UniqueIdentifier>{d422bd7d-75f2-4adb-9de6-acf546592241}</UniqueIdentifier>
    </Filter>
    <Filter Include="code_files\app">
      <UniqueIdentifier>{92fb2837-60df-4e45-b358-2a58d336f073}</UniqueIdentifier>
    </Filter>
    <Filter Include="3rd_party">
      <UniqueIdentifier>{93995380-89BD-4b04-88EB-625FBE52EBFB}</UniqueIdentifier>
      <Extensions>h;hh;hpp;hxx;h++;hm;inl;inc;ipp;xsd</Extensions>
    </Filter>
    <Filter Include="3rd_party\imgui">
      <UniqueIdentifier>{c0d3380c-7352-4fbe-a097-b0cdd9e7a464}</UniqueIdentifier>
    </Filter>
    <Filter Include="3rd_party\imgui\misc">
      <UniqueIdentifier>{446f3300-3d47-4649-87e4-4424f7b03859}</UniqueIdentifier>
    </Filter>
    <Filter Include="3rd_party\imgui\misc\freetype">
      <UniqueIdentifier>{337fc899-7930-4242-9aed-0e0031e68a2e}</UniqueIdentifier>
    </Filter>
    <Filter Include="3rd_party\imgui-sfml">
      <UniqueIdentifier>{0898d388-2845-4b6b-bd6c-d48b7aacdbc0}</UniqueIdentifier>
    </Filter>
    <Filter Include="code_files\game\res">
      <UniqueIdentifier>{f59fb3c6-e718-46c4-b703-3a106dbd992c}</UniqueIdentifier>
    </Filter>
    <Filter Include="Headers\tpl">
      <UniqueIdentifier>{54f20615-5257-48c0-9100-0f3025c0fbcb}</UniqueIdentifier>
    </Filter>
    <Filter Include="code_files\game\res\tpl">
      <UniqueIdentifier>{be72cdb0-8194-4f43-97db-14fc6316924e}</UniqueIdentifier>
    </Filter>
    <Filter Include="code_files\PlayState">
      <UniqueIdentifier>{3a46d646-ad89-401e-a60f-6d257b601d7c}</UniqueIdentifier>
    </Filter>
    <Filter Include="assets\anims">
      <UniqueIdentifier>{79fd1823-0853-4ef7-8cc0-57d6af9bd0e6}</UniqueIdentifier>
    </Filter>
    <Filter Include="assets\maps">
      <UniqueIdentifier>{b755b5c5-6b49-4d6f-8ba3-1b755925887d}</UniqueIdentifier>
    </Filter>
    <Filter Include="assets\maps\tilemaps">
      <UniqueIdentifier>{dddf10d0-5aa1-4bb3-ae7e-33fd66808f59}</UniqueIdentifier>
    </Filter>
    <Filter Include="assets\maps\tilesets">
      <UniqueIdentifier>{3ebe9479-df98-4015-ba5c-e284e9f305a3}</UniqueIdentifier>
    </Filter>
    <Filter Include="assets\textures">
      <UniqueIdentifier>{e9cb8c54-b4f0-4fea-b0f4-5f6a8c42cccc}</UniqueIdentifier>
    </Filter>
    <Filter Include="assets\textures\player">
      <UniqueIdentifier>{0c68de17-ed5e-4198-9251-90e2f7ba28cf}</UniqueIdentifier>
    </Filter>
    <Filter Include="assets\textures\splash_state">
      <UniqueIdentifier>{618e0ddb-66a1-4205-85a7-863afec168fc}</UniqueIdentifier>
    </Filter>
    <Filter Include="assets\textures\title_state">
      <UniqueIdentifier>{19b5f573-de54-433a-be95-7ed911c208b7}</UniqueIdentifier>
    </Filter>
    <Filter Include="code_files\game\map">
      <UniqueIdentifier>{7eb18e37-7243-49cc-846a-ea301412b83b}</UniqueIdentifier>
    </Filter>
    <Filter Include="Headers\done">
      <UniqueIdentifier>{b96a2bed-2d39-4157-b618-9a2f8ebbc0f7}</UniqueIdentifier>
    </Filter>
    <Filter Include="Headers\working_set">
      <UniqueIdentifier>{54cb1636-134a-4ea5-9857-2369c3d4cce4}</UniqueIdentifier>
    </Filter>
    <Filter Include="assets\textures\backgrounds">
      <UniqueIdentifier>{311b529a-8f45-4635-abdb-1a6746cbc89e}</UniqueIdentifier>
    </Filter>
    <Filter Include="assets\textures\backgrounds\bg0">
      <UniqueIdentifier>{233df0df-4e5f-4ffa-a757-9e11273ae3ae}</UniqueIdentifier>
    </Filter>
  </ItemGroup>
  <ItemGroup>
    <ClCompile Include="code_files\third_party\imgui\imgui.cpp">
      <Filter>3rd_party\imgui</Filter>
    </ClCompile>
    <ClCompile Include="code_files\third_party\imgui\imgui_draw.cpp">
      <Filter>3rd_party\imgui</Filter>
    </ClCompile>
    <ClCompile Include="code_files\third_party\imgui\imgui_tables.cpp">
      <Filter>3rd_party\imgui</Filter>
    </ClCompile>
    <ClCompile Include="code_files\third_party\imgui\imgui_widgets.cpp">
      <Filter>3rd_party\imgui</Filter>
    </ClCompile>
    <ClCompile Include="code_files\third_party\imgui-sfml\imgui-SFML.cpp">
      <Filter>3rd_party\imgui-sfml</Filter>
    </ClCompile>
    <ClCompile Include="code_files\third_party\imgui\misc\freetype\imgui_freetype.cpp">
      <Filter>3rd_party\imgui\misc\freetype</Filter>
    </ClCompile>
    <ClCompile Include="code_files\game\Game.cpp">
      <Filter>code_files\game</Filter>
    </ClCompile>
    <ClCompile Include="main.cpp">
      <Filter>code_files\app</Filter>
    </ClCompile>
    <ClCompile Include="code_files\game\GObj.cpp">
      <Filter>code_files\game</Filter>
    </ClCompile>
    <ClCompile Include="code_files\game\Globs.cpp">
      <Filter>code_files\game</Filter>
    </ClCompile>
    <ClCompile Include="code_files\game\Component.cpp">
      <Filter>code_files\game</Filter>
    </ClCompile>
    <ClCompile Include="code_files\game\game_objects\AnimObj.cpp">
      <Filter>code_files\game</Filter>
    </ClCompile>
    <ClCompile Include="code_files\game\res\Cfg.cpp">
      <Filter>code_files\game\res</Filter>
    </ClCompile>
    <ClCompile Include="code_files\game\game_state\PlayState_handleStaticInput.cpp">
      <Filter>code_files\PlayState</Filter>
    </ClCompile>
    <ClCompile Include="code_files\game\game_state\PlayState_enter.cpp">
      <Filter>code_files\PlayState</Filter>
    </ClCompile>
    <ClCompile Include="code_files\game\game_state\PlayState_handleKeyEvents.cpp">
      <Filter>code_files\PlayState</Filter>
    </ClCompile>
    <ClCompile Include="code_files\game\game_state\PlayState_leave.cpp">
      <Filter>code_files\PlayState</Filter>
    </ClCompile>
    <ClCompile Include="code_files\game\game_state\PlayState_render.cpp">
      <Filter>code_files\PlayState</Filter>
    </ClCompile>
    <ClCompile Include="code_files\game\game_state\PlayState_update.cpp">
      <Filter>code_files\PlayState</Filter>
    </ClCompile>
    <ClCompile Include="code_files\game\map\Tilemap.cpp">
      <Filter>code_files\game\map</Filter>
    </ClCompile>
    <ClCompile Include="code_files\game\map\ParallaxBG.cpp">
      <Filter>Headers\working_set</Filter>
    </ClCompile>
    <ClCompile Include="code_files\game\io\ActionMgr.cpp">
      <Filter>Headers\working_set</Filter>
    </ClCompile>
    <ClCompile Include="code_files\game\Physics.cpp">
      <Filter>code_files\game</Filter>
    </ClCompile>
  </ItemGroup>
  <ItemGroup>
    <Font Include="assets\fonts\bubbly.ttf">
      <Filter>assets\fonts</Filter>
    </Font>
    <Font Include="assets\fonts\blue_winter.ttf">
      <Filter>assets\fonts</Filter>
    </Font>
    <Font Include="assets\fonts\faith.ttf">
      <Filter>assets\fonts</Filter>
    </Font>
    <Font Include="assets\fonts\Dino.ttf">
      <Filter>assets\fonts</Filter>
    </Font>
    <Font Include="assets\fonts\hard.otf">
      <Filter>assets\fonts</Filter>
    </Font>
    <Font Include="assets\fonts\Nova.otf">
      <Filter>assets\fonts</Filter>
    </Font>
    <Font Include="assets\fonts\Rebel.ttf">
      <Filter>assets\fonts</Filter>
    </Font>
    <Font Include="assets\fonts\Steel.otf">
      <Filter>assets\fonts</Filter>
    </Font>
    <Font Include="assets\fonts\Sum.ttf">
      <Filter>assets\fonts</Filter>
    </Font>
    <Font Include="assets\fonts\Techno.otf">
      <Filter>assets\fonts</Filter>
    </Font>
    <Font Include="assets\fonts\Venite.ttf">
      <Filter>assets\fonts</Filter>
    </Font>
    <Font Include="assets\fonts\VeniteStr8.ttf">
      <Filter>assets\fonts</Filter>
    </Font>
    <Font Include="assets\fonts\Warr.otf">
      <Filter>assets\fonts</Filter>
    </Font>
  </ItemGroup>
  <ItemGroup>
    <ClInclude Include="code_files\game\map\Tilemap.h">
      <Filter>3rd_party</Filter>
    </ClInclude>
    <ClInclude Include="code_files\game\game_state\PlayState.h">
      <Filter>Headers\working_set</Filter>
    </ClInclude>
    <ClInclude Include="code_files\game\Game.h">
      <Filter>Headers\working_set</Filter>
    </ClInclude>
    <ClInclude Include="code_files\game\GObj.h">
      <Filter>Headers\done</Filter>
    </ClInclude>
    <ClInclude Include="code_files\game\Globs.h">
      <Filter>Headers\done</Filter>
    </ClInclude>
    <ClInclude Include="code_files\game\res\Cfg.h">
      <Filter>Headers\done</Filter>
    </ClInclude>
    <ClInclude Include="code_files\game\game_objects\AnimObj.h">
      <Filter>Headers\done</Filter>
    </ClInclude>
    <ClInclude Include="code_files\game\misc\util.h">
      <Filter>Headers\done</Filter>
    </ClInclude>
    <ClInclude Include="code_files\game\game_state\TitleState.h">
      <Filter>Headers\done</Filter>
    </ClInclude>
    <ClInclude Include="code_files\game\game_state\SplashState.h">
      <Filter>Headers\done</Filter>
    </ClInclude>
    <ClInclude Include="code_files\game\game_state\StateVar.h">
      <Filter>Headers\done</Filter>
    </ClInclude>
    <ClInclude Include="code_files\game\res\ResourceManager.h">
      <Filter>Headers\done</Filter>
    </ClInclude>
    <ClInclude Include="code_files\game\Component.h">
      <Filter>Headers\done</Filter>
    </ClInclude>
    <ClInclude Include="code_files\game\GameState.h">
      <Filter>Headers\done</Filter>
    </ClInclude>
    <ClInclude Include="code_files\game\map\ParallaxBG.h">
      <Filter>Headers\working_set</Filter>
    </ClInclude>
    <ClInclude Include="code_files\game\io\ActionMgr.h">
      <Filter>Headers\working_set</Filter>
    </ClInclude>
    <ClInclude Include="code_files\game\Physics.h">
      <Filter>Headers\done</Filter>
    </ClInclude>
  </ItemGroup>
  <ItemGroup>
    <None Include="code_files\game\res\tpl\ResourceManager.tpl">
      <Filter>Headers\tpl</Filter>
    </None>
    <None Include="assets\maps\tilesets\tileset_jungle1.tst">
      <Filter>assets\maps\tilesets</Filter>
    </None>
    <None Include="assets\maps\tilemaps\tilemapJungle1.map">
      <Filter>assets\maps\tilemaps</Filter>
    </None>
    <None Include="assets\anims\player.anm">
      <Filter>assets\anims</Filter>
    </None>
  </ItemGroup>
  <ItemGroup>
    <Image Include="assets\textures\blank_tile.png">
      <Filter>assets\textures</Filter>
    </Image>
    <Image Include="assets\textures\invariant.png">
      <Filter>assets\textures</Filter>
    </Image>
    <Image Include="assets\textures\tileset1.png">
      <Filter>assets\textures</Filter>
    </Image>
    <Image Include="assets\textures\tileset128x128.png">
      <Filter>assets\textures</Filter>
    </Image>
    <Image Include="assets\textures\actors\mmedit.png">
      <Filter>assets\textures\player</Filter>
    </Image>
    <Image Include="assets\textures\title_state\TitleBG.png">
      <Filter>assets\textures\title_state</Filter>
    </Image>
    <Image Include="assets\textures\splash_state\logo.png">
      <Filter>assets\textures\splash_state</Filter>
    </Image>
    <Image Include="assets\textures\splash_state\SplashBG.png">
      <Filter>assets\textures\splash_state</Filter>
    </Image>
    <Image Include="assets\textures\splash_state\SplashBG_Balls.png">
      <Filter>assets\textures\splash_state</Filter>
    </Image>
    <Image Include="assets\textures\splash_state\BG2.png">
      <Filter>assets\textures\splash_state</Filter>
    </Image>
    <Image Include="assets\textures\splash_state\BG.png">
      <Filter>assets\textures\splash_state</Filter>
    </Image>
    <Image Include="assets\textures\splash_state\GreyBG.png">
      <Filter>assets\textures\splash_state</Filter>
    </Image>
    <Image Include="assets\textures\backgrounds\bg0\1.png">
      <Filter>assets\textures\backgrounds\bg0</Filter>
    </Image>
    <Image Include="assets\textures\backgrounds\bg0\2.png">
      <Filter>assets\textures\backgrounds\bg0</Filter>
    </Image>
    <Image Include="assets\textures\backgrounds\bg0\3.png">
      <Filter>assets\textures\backgrounds\bg0</Filter>
    </Image>
    <Image Include="assets\textures\backgrounds\bg0\4.png">
      <Filter>assets\textures\backgrounds\bg0</Filter>
    </Image>
    <Image Include="assets\textures\backgrounds\bg0\5.png">
      <Filter>assets\textures\backgrounds\bg0</Filter>
    </Image>
    <Image Include="assets\textures\backgrounds\bg0\6.png">
      <Filter>assets\textures\backgrounds\bg0</Filter>
    </Image>
    <Image Include="assets\textures\backgrounds\bg0\7.png">
      <Filter>assets\textures\backgrounds\bg0</Filter>
    </Image>
    <Image Include="assets\textures\backgrounds\bg0\8.png">
      <Filter>assets\textures\backgrounds\bg0</Filter>
    </Image>
  </ItemGroup>
</Project>