<?xml version="1.0" encoding="utf-8"?>
<Project ToolsVersion="4.0" xmlns="http://schemas.microsoft.com/developer/msbuild/2003">
  <ItemGroup>
    <Filter Include="assets">
      <UniqueIdentifier>{67DA6AB6-F800-4c08-8B7A-83BB121AAD01}</UniqueIdentifier>
      <Extensions>rc;ico;cur;bmp;dlg;rc2;rct;bin;rgs;gif;jpg;jpeg;jpe;resx;tiff;tif;png;wav;mfcribbon-ms</Extensions>
    </Filter>
    <Filter Include="assets\fonts">
      <UniqueIdentifier>{3ffcf2ed-8938-4212-8255-87e1a007e7f7}</UniqueIdentifier>
    </Filter>
    <Filter Include="code_files">
      <UniqueIdentifier>{4FC737F1-C7A5-4376-A066-2A32D752A2FF}</UniqueIdentifier>
      <Extensions>cpp;c;cc;cxx;c++;cppm;ixx;def;odl;idl;hpj;bat;asm;asmx</Extensions>
    </Filter>
    <Filter Include="code_files\game">
      <UniqueIdentifier>{71583fff-33c4-45cc-8fb6-caf485bc7ec0}</UniqueIdentifier>
    </Filter>
    <Filter Include="Headers">
      <UniqueIdentifier>{d422bd7d-75f2-4adb-9de6-acf546592241}</UniqueIdentifier>
    </Filter>
    <Filter Include="code_files\app">
      <UniqueIdentifier>{92fb2837-60df-4e45-b358-2a58d336f073}</UniqueIdentifier>
    </Filter>
    <Filter Include="3rd_party">
      <UniqueIdentifier>{93995380-89BD-4b04-88EB-625FBE52EBFB}</UniqueIdentifier>
      <Extensions>h;hh;hpp;hxx;h++;hm;inl;inc;ipp;xsd</Extensions>
    </Filter>
    <Filter Include="3rd_party\imgui">
      <UniqueIdentifier>{c0d3380c-7352-4fbe-a097-b0cdd9e7a464}</UniqueIdentifier>
    </Filter>
    <Filter Include="3rd_party\imgui\misc">
      <UniqueIdentifier>{446f3300-3d47-4649-87e4-4424f7b03859}</UniqueIdentifier>
    </Filter>
    <Filter Include="3rd_party\imgui\misc\freetype">
      <UniqueIdentifier>{337fc899-7930-4242-9aed-0e0031e68a2e}</UniqueIdentifier>
    </Filter>
    <Filter Include="3rd_party\imgui-sfml">
      <UniqueIdentifier>{0898d388-2845-4b6b-bd6c-d48b7aacdbc0}</UniqueIdentifier>
    </Filter>
    <Filter Include="code_files\game\res">
      <UniqueIdentifier>{f59fb3c6-e718-46c4-b703-3a106dbd992c}</UniqueIdentifier>
    </Filter>
    <Filter Include="Headers\tpl">
      <UniqueIdentifier>{54f20615-5257-48c0-9100-0f3025c0fbcb}</UniqueIdentifier>
    </Filter>
    <Filter Include="code_files\game\res\tpl">
      <UniqueIdentifier>{be72cdb0-8194-4f43-97db-14fc6316924e}</UniqueIdentifier>
    </Filter>
  </ItemGroup>
  <ItemGroup>
    <ClCompile Include="code_files\third_party\imgui\imgui.cpp">
      <Filter>3rd_party\imgui</Filter>
    </ClCompile>
    <ClCompile Include="code_files\third_party\imgui\imgui_draw.cpp">
      <Filter>3rd_party\imgui</Filter>
    </ClCompile>
    <ClCompile Include="code_files\third_party\imgui\imgui_tables.cpp">
      <Filter>3rd_party\imgui</Filter>
    </ClCompile>
    <ClCompile Include="code_files\third_party\imgui\imgui_widgets.cpp">
      <Filter>3rd_party\imgui</Filter>
    </ClCompile>
    <ClCompile Include="code_files\third_party\imgui-sfml\imgui-SFML.cpp">
      <Filter>3rd_party\imgui-sfml</Filter>
    </ClCompile>
    <ClCompile Include="code_files\third_party\imgui\misc\freetype\imgui_freetype.cpp">
      <Filter>3rd_party\imgui\misc\freetype</Filter>
    </ClCompile>
    <ClCompile Include="code_files\game\Game.cpp">
      <Filter>code_files\game</Filter>
    </ClCompile>
    <ClCompile Include="main.cpp">
      <Filter>code_files\app</Filter>
    </ClCompile>
    <ClCompile Include="code_files\game\GObj.cpp">
      <Filter>code_files\game</Filter>
    </ClCompile>
    <ClCompile Include="code_files\game\Globs.cpp">
      <Filter>code_files\game</Filter>
    </ClCompile>
    <ClCompile Include="code_files\game\Component.cpp">
      <Filter>code_files\game</Filter>
    </ClCompile>
    <ClCompile Include="code_files\game\game_objects\AnimObj.cpp">
      <Filter>code_files\game</Filter>
    </ClCompile>
    <ClCompile Include="code_files\game\res\Cfg.cpp">
      <Filter>code_files\game\res</Filter>
    </ClCompile>
    <ClCompile Include="code_files\game\game_state\PlayState_enter.cpp">
      <Filter>code_files</Filter>
    </ClCompile>
    <ClCompile Include="code_files\game\game_state\PlayState_handleKeyEvents.cpp">
      <Filter>code_files</Filter>
    </ClCompile>
    <ClCompile Include="code_files\game\game_state\PlayState_leave.cpp">
      <Filter>code_files</Filter>
    </ClCompile>
    <ClCompile Include="code_files\game\game_state\PlayState_render.cpp">
      <Filter>code_files</Filter>
    </ClCompile>
    <ClCompile Include="code_files\game\game_state\PlayState_update.cpp">
      <Filter>code_files</Filter>
    </ClCompile>
    <ClCompile Include="code_files\game\map\Tilemap.cpp">
      <Filter>code_files</Filter>
    </ClCompile>
  </ItemGroup>
  <ItemGroup>
    <Font Include="assets\fonts\bubbly.ttf">
      <Filter>assets\fonts</Filter>
    </Font>
    <Font Include="assets\fonts\blue_winter.ttf">
      <Filter>assets\fonts</Filter>
    </Font>
    <Font Include="assets\fonts\faith.ttf">
      <Filter>assets\fonts</Filter>
    </Font>
    <Font Include="assets\fonts\Dino.ttf">
      <Filter>assets\fonts</Filter>
    </Font>
    <Font Include="assets\fonts\hard.otf">
      <Filter>assets\fonts</Filter>
    </Font>
    <Font Include="assets\fonts\Nova.otf">
      <Filter>assets\fonts</Filter>
    </Font>
    <Font Include="assets\fonts\Rebel.ttf">
      <Filter>assets\fonts</Filter>
    </Font>
    <Font Include="assets\fonts\Steel.otf">
      <Filter>assets\fonts</Filter>
    </Font>
    <Font Include="assets\fonts\Sum.ttf">
      <Filter>assets\fonts</Filter>
    </Font>
    <Font Include="assets\fonts\Techno.otf">
      <Filter>assets\fonts</Filter>
    </Font>
    <Font Include="assets\fonts\Venite.ttf">
      <Filter>assets\fonts</Filter>
    </Font>
    <Font Include="assets\fonts\VeniteStr8.ttf">
      <Filter>assets\fonts</Filter>
    </Font>
    <Font Include="assets\fonts\Warr.otf">
      <Filter>assets\fonts</Filter>
    </Font>
  </ItemGroup>
  <ItemGroup>
    <ClInclude Include="code_files\game\Component.h">
      <Filter>Headers</Filter>
    </ClInclude>
    <ClInclude Include="code_files\game\Game.h">
      <Filter>Headers</Filter>
    </ClInclude>
    <ClInclude Include="code_files\game\GObj.h">
      <Filter>Headers</Filter>
    </ClInclude>
    <ClInclude Include="code_files\game\Globs.h">
      <Filter>Headers</Filter>
    </ClInclude>
    <ClInclude Include="code_files\game\GameStateMgr.h">
      <Filter>Headers</Filter>
    </ClInclude>
    <ClInclude Include="code_files\game\GameState.h">
      <Filter>Headers</Filter>
    </ClInclude>
    <ClInclude Include="code_files\game\game_objects\AnimObj.h">
      <Filter>Headers</Filter>
    </ClInclude>
    <ClInclude Include="code_files\game\res\Cfg.h">
      <Filter>Headers</Filter>
    </ClInclude>
    <ClInclude Include="code_files\game\res\ResourceManager.h">
      <Filter>Headers</Filter>
    </ClInclude>
    <ClInclude Include="code_files\game\misc\util.h">
      <Filter>Headers</Filter>
    </ClInclude>
    <ClInclude Include="code_files\game\game_state\PlayState.h">
      <Filter>Headers</Filter>
    </ClInclude>
    <ClInclude Include="code_files\game\game_state\SplashState.h">
      <Filter>Headers</Filter>
    </ClInclude>
    <ClInclude Include="code_files\game\game_state\TitleState.h">
      <Filter>Headers</Filter>
    </ClInclude>
    <ClInclude Include="code_files\game\game_state\StateVar.h">
      <Filter>Headers</Filter>
    </ClInclude>
    <ClInclude Include="code_files\game\map\Tilemap.h">
      <Filter>3rd_party</Filter>
    </ClInclude>
  </ItemGroup>
  <ItemGroup>
    <None Include="code_files\game\res\tpl\ResourceManager.tpl">
      <Filter>Headers\tpl</Filter>
    </None>
    <None Include="assets\anims\player.anm" />
    <None Include="assets\maps\tilemaps\tilemapJungle1.map" />
    <None Include="assets\maps\tilesets\tileset_jungle1.tst" />
  </ItemGroup>
  <ItemGroup>
    <Image Include="assets\textures\actors\mmedit.png">
      <Filter>assets</Filter>
    </Image>
    <Image Include="assets\textures\blank_tile.png">
      <Filter>assets</Filter>
    </Image>
    <Image Include="assets\textures\invariant.png">
      <Filter>assets</Filter>
    </Image>
    <Image Include="assets\textures\splash_state\BG.png">
      <Filter>assets</Filter>
    </Image>
    <Image Include="assets\textures\splash_state\BG2.png">
      <Filter>assets</Filter>
    </Image>
    <Image Include="assets\textures\splash_state\GreyBG.png">
      <Filter>assets</Filter>
    </Image>
    <Image Include="assets\textures\splash_state\SplashBG_Balls.png">
      <Filter>assets</Filter>
    </Image>
    <Image Include="assets\textures\tileset128x128.png">
      <Filter>assets</Filter>
    </Image>
    <Image Include="assets\textures\title_state\TitleBG.png">
      <Filter>assets</Filter>
    </Image>
    <Image Include="assets\textures\tileset1.png">
      <Filter>assets</Filter>
    </Image>
  </ItemGroup>
</Project>